# This file is automatically generated.
# It is not intended for manual editing.
version = 1

[[packages]]
name = "wasi:cli"
registry = "wasi.dev"

[[packages.versions]]
requirement = "=0.2.5"
version = "0.2.5"
digest = "sha256:91e841a337c1d0b2f7e3f84d6cd41de3f9b2bdcbdffd18cab429d36decb0c21e"

[[packages]]
name = "wasi:http"
registry = "wasi.dev"

[[packages.versions]]
requirement = "=0.2.5"
version = "0.2.5"
digest = "sha256:acde12466e25b604bbbe3add2c96d494ac86107dda2dddd6c478c9fad54c1c8a"
